
Microsoft Visual Studio Solution File, Format Version 12.00
# Visual Studio Version 16
VisualStudioVersion = 16.0.30711.63
MinimumVisualStudioVersion = 10.0.40219.1
Project("{FAE04EC0-301F-11D3-BF4B-00C04F79EFBC}") = "GeneratePasswrod", "GeneratePasswrod\GeneratePasswrod.csproj", "{0BCD2354-9B34-446B-8890-9CDAC2371433}"
EndProject
Global
	GlobalSection(SolutionConfigurationPlatforms) = preSolution
		Debug|Any CPU = Debug|Any CPU
		Release|Any CPU = Release|Any CPU
	EndGlobalSection
	GlobalSection(ProjectConfigurationPlatforms) = postSolution
		{0BCD2354-9B34-446B-8890-9CDAC2371433}.Debug|Any CPU.ActiveCfg = Debug|Any CPU
		{0BCD2354-9B34-446B-8890-9CDAC2371433}.Debug|Any CPU.Build.0 = Debug|Any CPU
		{0BCD2354-9B34-446B-8890-9CDAC2371433}.Release|Any CPU.ActiveCfg = Release|Any CPU
		{0BCD2354-9B34-446B-8890-9CDAC2371433}.Release|Any CPU.Build.0 = Release|Any CPU
	EndGlobalSection
	GlobalSection(SolutionProperties) = preSolution
		HideSolutionNode = FALSE
	EndGlobalSection
	GlobalSection(ExtensibilityGlobals) = postSolution
		SolutionGuid = {FD95965B-AE65-40F3-BA52-66D8AAB8EDB7}
	EndGlobalSection
EndGlobal
